
Microsoft Visual Studio Solution File, Format Version 12.00
# Visual Studio 14
VisualStudioVersion = 14.0.25123.0
MinimumVisualStudioVersion = 10.0.40219.1
Project("{FAE04EC0-301F-11D3-BF4B-00C04F79EFBC}") = "TestHockeyPlayer", "comp123-chapter9\TestHockeyPlayer.csproj", "{338FF8DF-213A-4498-BF72-973E874ABBD6}"
EndProject
Project("{FAE04EC0-301F-11D3-BF4B-00C04F79EFBC}") = "TestClassifiedAd", "TestClassifiedAd\TestClassifiedAd.csproj", "{32BD9E08-71E4-448C-BCB5-11BAB0CA8606}"
EndProject
Project("{FAE04EC0-301F-11D3-BF4B-00C04F79EFBC}") = "SalesTransactionDemo", "SalesTransactionDemo\SalesTransactionDemo.csproj", "{FF62C93E-DAB1-408E-A7F6-D4A4B8DAC952}"
EndProject
Project("{FAE04EC0-301F-11D3-BF4B-00C04F79EFBC}") = "TilingDemo", "TilingDemo\TilingDemo.csproj", "{D1779425-3BA4-4184-9BF1-4BCE82908B99}"
EndProject
Project("{FAE04EC0-301F-11D3-BF4B-00C04F79EFBC}") = "CarDemo", "CarDemo\CarDemo.csproj", "{79B9EBF1-76A1-4B30-AF21-0F811C3612BC}"
EndProject
Project("{FAE04EC0-301F-11D3-BF4B-00C04F79EFBC}") = "TaxPayerDemo", "TaxPayerDemo\TaxPayerDemo.csproj", "{D4E6E9E3-E0FB-4BE2-8C33-FCC87463D4B2}"
EndProject
Project("{FAE04EC0-301F-11D3-BF4B-00C04F79EFBC}") = "TaxpayerDemo2", "TaxpayerDemo2\TaxpayerDemo2.csproj", "{463B1366-FBF9-480B-8F8E-B329D747F783}"
EndProject
Project("{FAE04EC0-301F-11D3-BF4B-00C04F79EFBC}") = "ShirtDemo", "ShirtDemo\ShirtDemo.csproj", "{6A4AB395-A21D-4011-97FC-F3A0EC24335A}"
EndProject
Project("{FAE04EC0-301F-11D3-BF4B-00C04F79EFBC}") = "ConferencesDemo", "ConferencesDemo\ConferencesDemo.csproj", "{F82CAFD8-DB13-4BE6-99E6-EED268D37195}"
EndProject
Project("{FAE04EC0-301F-11D3-BF4B-00C04F79EFBC}") = "RelativesList", "RelativesList\RelativesList.csproj", "{751E77DC-6C4E-41B0-874F-137C07966979}"
EndProject
Project("{FAE04EC0-301F-11D3-BF4B-00C04F79EFBC}") = "DemoJobs", "DemoJobs\DemoJobs.csproj", "{C4AAC292-7CA7-444C-A05D-D198AA38E305}"
EndProject
Global
	GlobalSection(SolutionConfigurationPlatforms) = preSolution
		Debug|Any CPU = Debug|Any CPU
		Release|Any CPU = Release|Any CPU
	EndGlobalSection
	GlobalSection(ProjectConfigurationPlatforms) = postSolution
		{338FF8DF-213A-4498-BF72-973E874ABBD6}.Debug|Any CPU.ActiveCfg = Debug|Any CPU
		{338FF8DF-213A-4498-BF72-973E874ABBD6}.Debug|Any CPU.Build.0 = Debug|Any CPU
		{338FF8DF-213A-4498-BF72-973E874ABBD6}.Release|Any CPU.ActiveCfg = Release|Any CPU
		{338FF8DF-213A-4498-BF72-973E874ABBD6}.Release|Any CPU.Build.0 = Release|Any CPU
		{32BD9E08-71E4-448C-BCB5-11BAB0CA8606}.Debug|Any CPU.ActiveCfg = Debug|Any CPU
		{32BD9E08-71E4-448C-BCB5-11BAB0CA8606}.Debug|Any CPU.Build.0 = Debug|Any CPU
		{32BD9E08-71E4-448C-BCB5-11BAB0CA8606}.Release|Any CPU.ActiveCfg = Release|Any CPU
		{32BD9E08-71E4-448C-BCB5-11BAB0CA8606}.Release|Any CPU.Build.0 = Release|Any CPU
		{FF62C93E-DAB1-408E-A7F6-D4A4B8DAC952}.Debug|Any CPU.ActiveCfg = Debug|Any CPU
		{FF62C93E-DAB1-408E-A7F6-D4A4B8DAC952}.Debug|Any CPU.Build.0 = Debug|Any CPU
		{FF62C93E-DAB1-408E-A7F6-D4A4B8DAC952}.Release|Any CPU.ActiveCfg = Release|Any CPU
		{FF62C93E-DAB1-408E-A7F6-D4A4B8DAC952}.Release|Any CPU.Build.0 = Release|Any CPU
		{D1779425-3BA4-4184-9BF1-4BCE82908B99}.Debug|Any CPU.ActiveCfg = Debug|Any CPU
		{D1779425-3BA4-4184-9BF1-4BCE82908B99}.Debug|Any CPU.Build.0 = Debug|Any CPU
		{D1779425-3BA4-4184-9BF1-4BCE82908B99}.Release|Any CPU.ActiveCfg = Release|Any CPU
		{D1779425-3BA4-4184-9BF1-4BCE82908B99}.Release|Any CPU.Build.0 = Release|Any CPU
		{79B9EBF1-76A1-4B30-AF21-0F811C3612BC}.Debug|Any CPU.ActiveCfg = Debug|Any CPU
		{79B9EBF1-76A1-4B30-AF21-0F811C3612BC}.Debug|Any CPU.Build.0 = Debug|Any CPU
		{79B9EBF1-76A1-4B30-AF21-0F811C3612BC}.Release|Any CPU.ActiveCfg = Release|Any CPU
		{79B9EBF1-76A1-4B30-AF21-0F811C3612BC}.Release|Any CPU.Build.0 = Release|Any CPU
		{D4E6E9E3-E0FB-4BE2-8C33-FCC87463D4B2}.Debug|Any CPU.ActiveCfg = Debug|Any CPU
		{D4E6E9E3-E0FB-4BE2-8C33-FCC87463D4B2}.Debug|Any CPU.Build.0 = Debug|Any CPU
		{D4E6E9E3-E0FB-4BE2-8C33-FCC87463D4B2}.Release|Any CPU.ActiveCfg = Release|Any CPU
		{D4E6E9E3-E0FB-4BE2-8C33-FCC87463D4B2}.Release|Any CPU.Build.0 = Release|Any CPU
		{463B1366-FBF9-480B-8F8E-B329D747F783}.Debug|Any CPU.ActiveCfg = Debug|Any CPU
		{463B1366-FBF9-480B-8F8E-B329D747F783}.Debug|Any CPU.Build.0 = Debug|Any CPU
		{463B1366-FBF9-480B-8F8E-B329D747F783}.Release|Any CPU.ActiveCfg = Release|Any CPU
		{463B1366-FBF9-480B-8F8E-B329D747F783}.Release|Any CPU.Build.0 = Release|Any CPU
		{6A4AB395-A21D-4011-97FC-F3A0EC24335A}.Debug|Any CPU.ActiveCfg = Debug|Any CPU
		{6A4AB395-A21D-4011-97FC-F3A0EC24335A}.Debug|Any CPU.Build.0 = Debug|Any CPU
		{6A4AB395-A21D-4011-97FC-F3A0EC24335A}.Release|Any CPU.ActiveCfg = Release|Any CPU
		{6A4AB395-A21D-4011-97FC-F3A0EC24335A}.Release|Any CPU.Build.0 = Release|Any CPU
		{F82CAFD8-DB13-4BE6-99E6-EED268D37195}.Debug|Any CPU.ActiveCfg = Debug|Any CPU
		{F82CAFD8-DB13-4BE6-99E6-EED268D37195}.Debug|Any CPU.Build.0 = Debug|Any CPU
		{F82CAFD8-DB13-4BE6-99E6-EED268D37195}.Release|Any CPU.ActiveCfg = Release|Any CPU
		{F82CAFD8-DB13-4BE6-99E6-EED268D37195}.Release|Any CPU.Build.0 = Release|Any CPU
		{751E77DC-6C4E-41B0-874F-137C07966979}.Debug|Any CPU.ActiveCfg = Debug|Any CPU
		{751E77DC-6C4E-41B0-874F-137C07966979}.Debug|Any CPU.Build.0 = Debug|Any CPU
		{751E77DC-6C4E-41B0-874F-137C07966979}.Release|Any CPU.ActiveCfg = Release|Any CPU
		{751E77DC-6C4E-41B0-874F-137C07966979}.Release|Any CPU.Build.0 = Release|Any CPU
		{C4AAC292-7CA7-444C-A05D-D198AA38E305}.Debug|Any CPU.ActiveCfg = Debug|Any CPU
		{C4AAC292-7CA7-444C-A05D-D198AA38E305}.Debug|Any CPU.Build.0 = Debug|Any CPU
		{C4AAC292-7CA7-444C-A05D-D198AA38E305}.Release|Any CPU.ActiveCfg = Release|Any CPU
		{C4AAC292-7CA7-444C-A05D-D198AA38E305}.Release|Any CPU.Build.0 = Release|Any CPU
	EndGlobalSection
	GlobalSection(SolutionProperties) = preSolution
		HideSolutionNode = FALSE
	EndGlobalSection
EndGlobal
