
Microsoft Visual Studio Solution File, Format Version 12.00
# Visual Studio 14
VisualStudioVersion = 14.0.25123.0
MinimumVisualStudioVersion = 10.0.40219.1
Project("{FAE04EC0-301F-11D3-BF4B-00C04F79EFBC}") = "comp123-chapter9", "comp123-chapter9\comp123-chapter9.csproj", "{338FF8DF-213A-4498-BF72-973E874ABBD6}"
EndProject
Global
	GlobalSection(SolutionConfigurationPlatforms) = preSolution
		Debug|Any CPU = Debug|Any CPU
		Release|Any CPU = Release|Any CPU
	EndGlobalSection
	GlobalSection(ProjectConfigurationPlatforms) = postSolution
		{338FF8DF-213A-4498-BF72-973E874ABBD6}.Debug|Any CPU.ActiveCfg = Debug|Any CPU
		{338FF8DF-213A-4498-BF72-973E874ABBD6}.Debug|Any CPU.Build.0 = Debug|Any CPU
		{338FF8DF-213A-4498-BF72-973E874ABBD6}.Release|Any CPU.ActiveCfg = Release|Any CPU
		{338FF8DF-213A-4498-BF72-973E874ABBD6}.Release|Any CPU.Build.0 = Release|Any CPU
	EndGlobalSection
	GlobalSection(SolutionProperties) = preSolution
		HideSolutionNode = FALSE
	EndGlobalSection
EndGlobal
